
Microsoft Visual Studio Solution File, Format Version 12.00
# Visual Studio 15
VisualStudioVersion = 15.0.26730.16
MinimumVisualStudioVersion = 10.0.40219.1
Project("{FAE04EC0-301F-11D3-BF4B-00C04F79EFBC}") = "NeuralNetwork", "NeuralNetwork.csproj", "{557D7F06-D02A-4BDC-9437-281C5C7793F7}"
EndProject
Project("{FAE04EC0-301F-11D3-BF4B-00C04F79EFBC}") = "UnitTests", "UnitTests\UnitTests.csproj", "{B48C71B9-5ADA-4512-AF9A-0AD76CD46F8D}"
EndProject
Project("{FAE04EC0-301F-11D3-BF4B-00C04F79EFBC}") = "Wpf", "Wpf\Wpf.csproj", "{5ACA8BAB-BA71-43A7-8778-49C3BB25221A}"
EndProject
Global
	GlobalSection(SolutionConfigurationPlatforms) = preSolution
		Debug|Any CPU = Debug|Any CPU
		Release|Any CPU = Release|Any CPU
	EndGlobalSection
	GlobalSection(ProjectConfigurationPlatforms) = postSolution
		{557D7F06-D02A-4BDC-9437-281C5C7793F7}.Debug|Any CPU.ActiveCfg = Debug|Any CPU
		{557D7F06-D02A-4BDC-9437-281C5C7793F7}.Debug|Any CPU.Build.0 = Debug|Any CPU
		{557D7F06-D02A-4BDC-9437-281C5C7793F7}.Release|Any CPU.ActiveCfg = Release|Any CPU
		{557D7F06-D02A-4BDC-9437-281C5C7793F7}.Release|Any CPU.Build.0 = Release|Any CPU
		{B48C71B9-5ADA-4512-AF9A-0AD76CD46F8D}.Debug|Any CPU.ActiveCfg = Debug|Any CPU
		{B48C71B9-5ADA-4512-AF9A-0AD76CD46F8D}.Debug|Any CPU.Build.0 = Debug|Any CPU
		{B48C71B9-5ADA-4512-AF9A-0AD76CD46F8D}.Release|Any CPU.ActiveCfg = Release|Any CPU
		{B48C71B9-5ADA-4512-AF9A-0AD76CD46F8D}.Release|Any CPU.Build.0 = Release|Any CPU
		{5ACA8BAB-BA71-43A7-8778-49C3BB25221A}.Debug|Any CPU.ActiveCfg = Debug|Any CPU
		{5ACA8BAB-BA71-43A7-8778-49C3BB25221A}.Debug|Any CPU.Build.0 = Debug|Any CPU
		{5ACA8BAB-BA71-43A7-8778-49C3BB25221A}.Release|Any CPU.ActiveCfg = Release|Any CPU
		{5ACA8BAB-BA71-43A7-8778-49C3BB25221A}.Release|Any CPU.Build.0 = Release|Any CPU
	EndGlobalSection
	GlobalSection(SolutionProperties) = preSolution
		HideSolutionNode = FALSE
	EndGlobalSection
	GlobalSection(ExtensibilityGlobals) = postSolution
		SolutionGuid = {B79D92E2-0CB5-4E7A-83C4-AA89C060D358}
	EndGlobalSection
EndGlobal
